
Microsoft Visual Studio Solution File, Format Version 12.00
# Visual Studio 2012
Project("{2150E333-8FDC-42A3-9474-1A3956D46DE8}") = "01.Common", "01.Common", "{7FF2BC1B-EDD1-4AFF-AE03-1E8057DF1CF5}"
EndProject
Project("{2150E333-8FDC-42A3-9474-1A3956D46DE8}") = "MQ", "MQ", "{72DEE96C-4B53-450A-8D22-DC51A2102F32}"
EndProject
Project("{2150E333-8FDC-42A3-9474-1A3956D46DE8}") = "Socket", "Socket", "{6FD47983-96C6-453A-BD13-8AB263B50901}"
EndProject
Project("{2150E333-8FDC-42A3-9474-1A3956D46DE8}") = "Spring.NET", "Spring.NET", "{654FC88A-863F-4FF9-9764-7DF4C11E8A82}"
EndProject
Project("{2150E333-8FDC-42A3-9474-1A3956D46DE8}") = "学习笔记1 控制反转（基础篇）", "学习笔记1 控制反转（基础篇）", "{40172989-99CB-48C9-83A4-5E8689D47858}"
EndProject
Project("{2150E333-8FDC-42A3-9474-1A3956D46DE8}") = "学习笔记2 环境搭建（基础篇）", "学习笔记2 环境搭建（基础篇）", "{4CF9D852-FB48-4157-81DC-CCEF59C1A3FA}"
EndProject
Project("{2150E333-8FDC-42A3-9474-1A3956D46DE8}") = "学习笔记3 实现一个简易的Ioc框架", "学习笔记3 实现一个简易的Ioc框架", "{D9E67F17-2385-423A-B272-0F79D74D4621}"
EndProject
Project("{2150E333-8FDC-42A3-9474-1A3956D46DE8}") = "学习笔记4 对象的创建（基础篇）", "学习笔记4 对象的创建（基础篇）", "{7081B4D2-043D-4553-AACD-3D5186CEBB59}"
EndProject
Project("{2150E333-8FDC-42A3-9474-1A3956D46DE8}") = "NUnit", "NUnit", "{10BB5D97-006D-4F08-A15F-A59BEA587824}"
EndProject
Project("{2150E333-8FDC-42A3-9474-1A3956D46DE8}") = "学习笔记5 容器中对象的作用域（基础篇）", "学习笔记5 容器中对象的作用域（基础篇）", "{53567CDF-5A7F-4CF9-806F-665828B2AA6B}"
EndProject
Project("{2150E333-8FDC-42A3-9474-1A3956D46DE8}") = "学习笔记6——依赖注入(应用篇)", "学习笔记6——依赖注入(应用篇)", "{97630827-6094-41F7-999D-2CB5CF2E561D}"
EndProject
Project("{2150E333-8FDC-42A3-9474-1A3956D46DE8}") = "学习笔记7 依赖对象的注入（基础篇）", "学习笔记7 依赖对象的注入（基础篇）", "{9B7E4A85-4455-4FD3-96A7-547924511D73}"
EndProject
Project("{2150E333-8FDC-42A3-9474-1A3956D46DE8}") = "Test", "Test", "{3407D634-FE1C-4C80-9395-DDDDDC0799B0}"
EndProject
Project("{FAE04EC0-301F-11D3-BF4B-00C04F79EFBC}") = "CommonLibrary", "CommonLibrary\CommonLibrary.csproj", "{CF9B9430-DE0E-4E6F-A762-2FEFBC09BB65}"
EndProject
Project("{FAE04EC0-301F-11D3-BF4B-00C04F79EFBC}") = "ReceiveQueue", "MessageQueue\ReceiveQueue\ReceiveQueue.csproj", "{24EE5221-9823-4ADE-ABDA-7CBE575BAF21}"
EndProject
Project("{FAE04EC0-301F-11D3-BF4B-00C04F79EFBC}") = "SendMessage", "MessageQueue\SendMessage\SendMessage.csproj", "{BF383DA2-B6F7-41F8-AE35-C7E4E30F5F09}"
EndProject
Project("{FAE04EC0-301F-11D3-BF4B-00C04F79EFBC}") = "SendMessageTransztion", "MessageQueue\SendMessageTransztion\SendMessageTransztion.csproj", "{690EA25D-E1DD-4B84-9AD0-56197A0ED4A7}"
EndProject
Project("{FAE04EC0-301F-11D3-BF4B-00C04F79EFBC}") = "NUnitTest", "NUnit\NUnitTest\NUnitTest.csproj", "{3C4EE5E2-0811-4B17-9FA1-EEE0F3A81390}"
EndProject
Project("{FAE04EC0-301F-11D3-BF4B-00C04F79EFBC}") = "NUnitTestTest", "NUnit\NUnitTestTest\NUnitTestTest.csproj", "{5C479006-3603-47F5-AD92-B93B7986B93E}"
EndProject
Project("{FAE04EC0-301F-11D3-BF4B-00C04F79EFBC}") = "SocketClient", "Socket\SocketClient\SocketClient.csproj", "{626FFA5E-72BD-4D91-AB43-ED3E3A2413B3}"
EndProject
Project("{FAE04EC0-301F-11D3-BF4B-00C04F79EFBC}") = "SocketServer", "Socket\SocketServer\SocketServer.csproj", "{B7D288BE-19C1-4097-BF71-F566997241A1}"
EndProject
Project("{FAE04EC0-301F-11D3-BF4B-00C04F79EFBC}") = "SpringNetIoC", "Spring.NET\SpringNetIoC\SpringNetIoC.csproj", "{2190D1DB-122A-4D91-91D7-9515A9CCF15E}"
EndProject
Project("{FAE04EC0-301F-11D3-BF4B-00C04F79EFBC}") = "FirstSpringNet", "Spring.NET\FirstSpringNet\FirstSpringNet.csproj", "{F5FD4AAA-20B7-4161-A572-725C720F77C3}"
EndProject
Project("{FAE04EC0-301F-11D3-BF4B-00C04F79EFBC}") = "MyselfIoc", "Spring.NET\MyselfIoc\MyselfIoc.csproj", "{193D74BE-9967-4012-92F1-DFCE119D7A9C}"
EndProject
Project("{FAE04EC0-301F-11D3-BF4B-00C04F79EFBC}") = "CreateObjects", "Spring.NET\CreateObjects\CreateObjects.csproj", "{5CB766CB-8A6B-4917-8936-C0527B4819DA}"
EndProject
Project("{FAE04EC0-301F-11D3-BF4B-00C04F79EFBC}") = "SpringNetNunit", "Spring.NET\SpringNetNunit\SpringNetNunit.csproj", "{A01D63DB-3817-4733-8B7F-0B65BA26CBAE}"
EndProject
Project("{FAE04EC0-301F-11D3-BF4B-00C04F79EFBC}") = "SpringNetIoCApp", "Spring.NET\SpringNetIoCApp\SpringNetIoCApp.csproj", "{8D1EF2FC-AFC4-40EA-BC1D-050CFCB2DCEB}"
EndProject
Project("{FAE04EC0-301F-11D3-BF4B-00C04F79EFBC}") = "SpringNetDi", "Spring.NET\SpringNetDi\SpringNetDi.csproj", "{8570FBD4-9900-442C-B3CA-04344B851D4F}"
EndProject
Project("{FAE04EC0-301F-11D3-BF4B-00C04F79EFBC}") = "ConsoleApplication2", "Test\ConsoleApplication2\ConsoleApplication2.csproj", "{0A67908A-C177-425F-BE40-02D7BABE33F7}"
EndProject
Project("{2150E333-8FDC-42A3-9474-1A3956D46DE8}") = "MyProject", "MyProject", "{E00FDB2B-E744-4A84-9DE3-B76A678628DD}"
EndProject
Project("{2150E333-8FDC-42A3-9474-1A3956D46DE8}") = "Uhut", "Uhut", "{CBEE95B2-EE85-4C9F-B62B-C9F14FE380AC}"
EndProject
Project("{FAE04EC0-301F-11D3-BF4B-00C04F79EFBC}") = "Uhut", "Project\Uhut\Uhut\Uhut.csproj", "{17B54B5A-D79F-4638-9CF1-A0A3002B3244}"
EndProject
Project("{2150E333-8FDC-42A3-9474-1A3956D46DE8}") = "设计模式", "设计模式", "{8F4E6A64-17DA-42F8-B303-9D170D4026B7}"
EndProject
Project("{2150E333-8FDC-42A3-9474-1A3956D46DE8}") = "简单工厂模式", "简单工厂模式", "{A983715D-62BF-4AAC-8210-3B7A539A4A39}"
EndProject
Project("{FAE04EC0-301F-11D3-BF4B-00C04F79EFBC}") = "简单工厂模式", "设计模式\简单工厂模式\简单工厂模式.csproj", "{4A84E8DC-BD06-443E-A241-D39E1D57A9A3}"
EndProject
Project("{FAE04EC0-301F-11D3-BF4B-00C04F79EFBC}") = "策略模式", "设计模式\策略模式\策略模式.csproj", "{143C5678-C5F3-472D-A6DC-BE29ED242BDB}"
EndProject
Global
	GlobalSection(SolutionConfigurationPlatforms) = preSolution
		Debug|Any CPU = Debug|Any CPU
		Release|Any CPU = Release|Any CPU
	EndGlobalSection
	GlobalSection(ProjectConfigurationPlatforms) = postSolution
		{CF9B9430-DE0E-4E6F-A762-2FEFBC09BB65}.Debug|Any CPU.ActiveCfg = Debug|Any CPU
		{CF9B9430-DE0E-4E6F-A762-2FEFBC09BB65}.Debug|Any CPU.Build.0 = Debug|Any CPU
		{CF9B9430-DE0E-4E6F-A762-2FEFBC09BB65}.Release|Any CPU.ActiveCfg = Release|Any CPU
		{CF9B9430-DE0E-4E6F-A762-2FEFBC09BB65}.Release|Any CPU.Build.0 = Release|Any CPU
		{24EE5221-9823-4ADE-ABDA-7CBE575BAF21}.Debug|Any CPU.ActiveCfg = Debug|Any CPU
		{24EE5221-9823-4ADE-ABDA-7CBE575BAF21}.Debug|Any CPU.Build.0 = Debug|Any CPU
		{24EE5221-9823-4ADE-ABDA-7CBE575BAF21}.Release|Any CPU.ActiveCfg = Release|Any CPU
		{24EE5221-9823-4ADE-ABDA-7CBE575BAF21}.Release|Any CPU.Build.0 = Release|Any CPU
		{BF383DA2-B6F7-41F8-AE35-C7E4E30F5F09}.Debug|Any CPU.ActiveCfg = Debug|Any CPU
		{BF383DA2-B6F7-41F8-AE35-C7E4E30F5F09}.Debug|Any CPU.Build.0 = Debug|Any CPU
		{BF383DA2-B6F7-41F8-AE35-C7E4E30F5F09}.Release|Any CPU.ActiveCfg = Release|Any CPU
		{BF383DA2-B6F7-41F8-AE35-C7E4E30F5F09}.Release|Any CPU.Build.0 = Release|Any CPU
		{690EA25D-E1DD-4B84-9AD0-56197A0ED4A7}.Debug|Any CPU.ActiveCfg = Debug|Any CPU
		{690EA25D-E1DD-4B84-9AD0-56197A0ED4A7}.Debug|Any CPU.Build.0 = Debug|Any CPU
		{690EA25D-E1DD-4B84-9AD0-56197A0ED4A7}.Release|Any CPU.ActiveCfg = Release|Any CPU
		{690EA25D-E1DD-4B84-9AD0-56197A0ED4A7}.Release|Any CPU.Build.0 = Release|Any CPU
		{3C4EE5E2-0811-4B17-9FA1-EEE0F3A81390}.Debug|Any CPU.ActiveCfg = Debug|Any CPU
		{3C4EE5E2-0811-4B17-9FA1-EEE0F3A81390}.Debug|Any CPU.Build.0 = Debug|Any CPU
		{3C4EE5E2-0811-4B17-9FA1-EEE0F3A81390}.Release|Any CPU.ActiveCfg = Release|Any CPU
		{3C4EE5E2-0811-4B17-9FA1-EEE0F3A81390}.Release|Any CPU.Build.0 = Release|Any CPU
		{5C479006-3603-47F5-AD92-B93B7986B93E}.Debug|Any CPU.ActiveCfg = Debug|Any CPU
		{5C479006-3603-47F5-AD92-B93B7986B93E}.Debug|Any CPU.Build.0 = Debug|Any CPU
		{5C479006-3603-47F5-AD92-B93B7986B93E}.Release|Any CPU.ActiveCfg = Release|Any CPU
		{5C479006-3603-47F5-AD92-B93B7986B93E}.Release|Any CPU.Build.0 = Release|Any CPU
		{626FFA5E-72BD-4D91-AB43-ED3E3A2413B3}.Debug|Any CPU.ActiveCfg = Debug|Any CPU
		{626FFA5E-72BD-4D91-AB43-ED3E3A2413B3}.Debug|Any CPU.Build.0 = Debug|Any CPU
		{626FFA5E-72BD-4D91-AB43-ED3E3A2413B3}.Release|Any CPU.ActiveCfg = Release|Any CPU
		{626FFA5E-72BD-4D91-AB43-ED3E3A2413B3}.Release|Any CPU.Build.0 = Release|Any CPU
		{B7D288BE-19C1-4097-BF71-F566997241A1}.Debug|Any CPU.ActiveCfg = Debug|Any CPU
		{B7D288BE-19C1-4097-BF71-F566997241A1}.Debug|Any CPU.Build.0 = Debug|Any CPU
		{B7D288BE-19C1-4097-BF71-F566997241A1}.Release|Any CPU.ActiveCfg = Release|Any CPU
		{B7D288BE-19C1-4097-BF71-F566997241A1}.Release|Any CPU.Build.0 = Release|Any CPU
		{2190D1DB-122A-4D91-91D7-9515A9CCF15E}.Debug|Any CPU.ActiveCfg = Debug|Any CPU
		{2190D1DB-122A-4D91-91D7-9515A9CCF15E}.Debug|Any CPU.Build.0 = Debug|Any CPU
		{2190D1DB-122A-4D91-91D7-9515A9CCF15E}.Release|Any CPU.ActiveCfg = Release|Any CPU
		{2190D1DB-122A-4D91-91D7-9515A9CCF15E}.Release|Any CPU.Build.0 = Release|Any CPU
		{F5FD4AAA-20B7-4161-A572-725C720F77C3}.Debug|Any CPU.ActiveCfg = Debug|Any CPU
		{F5FD4AAA-20B7-4161-A572-725C720F77C3}.Debug|Any CPU.Build.0 = Debug|Any CPU
		{F5FD4AAA-20B7-4161-A572-725C720F77C3}.Release|Any CPU.ActiveCfg = Release|Any CPU
		{F5FD4AAA-20B7-4161-A572-725C720F77C3}.Release|Any CPU.Build.0 = Release|Any CPU
		{193D74BE-9967-4012-92F1-DFCE119D7A9C}.Debug|Any CPU.ActiveCfg = Debug|Any CPU
		{193D74BE-9967-4012-92F1-DFCE119D7A9C}.Debug|Any CPU.Build.0 = Debug|Any CPU
		{193D74BE-9967-4012-92F1-DFCE119D7A9C}.Release|Any CPU.ActiveCfg = Release|Any CPU
		{193D74BE-9967-4012-92F1-DFCE119D7A9C}.Release|Any CPU.Build.0 = Release|Any CPU
		{5CB766CB-8A6B-4917-8936-C0527B4819DA}.Debug|Any CPU.ActiveCfg = Debug|Any CPU
		{5CB766CB-8A6B-4917-8936-C0527B4819DA}.Debug|Any CPU.Build.0 = Debug|Any CPU
		{5CB766CB-8A6B-4917-8936-C0527B4819DA}.Release|Any CPU.ActiveCfg = Release|Any CPU
		{5CB766CB-8A6B-4917-8936-C0527B4819DA}.Release|Any CPU.Build.0 = Release|Any CPU
		{A01D63DB-3817-4733-8B7F-0B65BA26CBAE}.Debug|Any CPU.ActiveCfg = Debug|Any CPU
		{A01D63DB-3817-4733-8B7F-0B65BA26CBAE}.Debug|Any CPU.Build.0 = Debug|Any CPU
		{A01D63DB-3817-4733-8B7F-0B65BA26CBAE}.Release|Any CPU.ActiveCfg = Release|Any CPU
		{A01D63DB-3817-4733-8B7F-0B65BA26CBAE}.Release|Any CPU.Build.0 = Release|Any CPU
		{8D1EF2FC-AFC4-40EA-BC1D-050CFCB2DCEB}.Debug|Any CPU.ActiveCfg = Debug|Any CPU
		{8D1EF2FC-AFC4-40EA-BC1D-050CFCB2DCEB}.Debug|Any CPU.Build.0 = Debug|Any CPU
		{8D1EF2FC-AFC4-40EA-BC1D-050CFCB2DCEB}.Release|Any CPU.ActiveCfg = Release|Any CPU
		{8D1EF2FC-AFC4-40EA-BC1D-050CFCB2DCEB}.Release|Any CPU.Build.0 = Release|Any CPU
		{8570FBD4-9900-442C-B3CA-04344B851D4F}.Debug|Any CPU.ActiveCfg = Debug|Any CPU
		{8570FBD4-9900-442C-B3CA-04344B851D4F}.Debug|Any CPU.Build.0 = Debug|Any CPU
		{8570FBD4-9900-442C-B3CA-04344B851D4F}.Release|Any CPU.ActiveCfg = Release|Any CPU
		{8570FBD4-9900-442C-B3CA-04344B851D4F}.Release|Any CPU.Build.0 = Release|Any CPU
		{0A67908A-C177-425F-BE40-02D7BABE33F7}.Debug|Any CPU.ActiveCfg = Debug|Any CPU
		{0A67908A-C177-425F-BE40-02D7BABE33F7}.Debug|Any CPU.Build.0 = Debug|Any CPU
		{0A67908A-C177-425F-BE40-02D7BABE33F7}.Release|Any CPU.ActiveCfg = Release|Any CPU
		{0A67908A-C177-425F-BE40-02D7BABE33F7}.Release|Any CPU.Build.0 = Release|Any CPU
		{17B54B5A-D79F-4638-9CF1-A0A3002B3244}.Debug|Any CPU.ActiveCfg = Debug|Any CPU
		{17B54B5A-D79F-4638-9CF1-A0A3002B3244}.Debug|Any CPU.Build.0 = Debug|Any CPU
		{17B54B5A-D79F-4638-9CF1-A0A3002B3244}.Release|Any CPU.ActiveCfg = Release|Any CPU
		{17B54B5A-D79F-4638-9CF1-A0A3002B3244}.Release|Any CPU.Build.0 = Release|Any CPU
		{4A84E8DC-BD06-443E-A241-D39E1D57A9A3}.Debug|Any CPU.ActiveCfg = Debug|Any CPU
		{4A84E8DC-BD06-443E-A241-D39E1D57A9A3}.Debug|Any CPU.Build.0 = Debug|Any CPU
		{4A84E8DC-BD06-443E-A241-D39E1D57A9A3}.Release|Any CPU.ActiveCfg = Release|Any CPU
		{4A84E8DC-BD06-443E-A241-D39E1D57A9A3}.Release|Any CPU.Build.0 = Release|Any CPU
		{143C5678-C5F3-472D-A6DC-BE29ED242BDB}.Debug|Any CPU.ActiveCfg = Debug|Any CPU
		{143C5678-C5F3-472D-A6DC-BE29ED242BDB}.Debug|Any CPU.Build.0 = Debug|Any CPU
		{143C5678-C5F3-472D-A6DC-BE29ED242BDB}.Release|Any CPU.ActiveCfg = Release|Any CPU
		{143C5678-C5F3-472D-A6DC-BE29ED242BDB}.Release|Any CPU.Build.0 = Release|Any CPU
	EndGlobalSection
	GlobalSection(SolutionProperties) = preSolution
		HideSolutionNode = FALSE
	EndGlobalSection
	GlobalSection(NestedProjects) = preSolution
		{CF9B9430-DE0E-4E6F-A762-2FEFBC09BB65} = {7FF2BC1B-EDD1-4AFF-AE03-1E8057DF1CF5}
		{24EE5221-9823-4ADE-ABDA-7CBE575BAF21} = {72DEE96C-4B53-450A-8D22-DC51A2102F32}
		{BF383DA2-B6F7-41F8-AE35-C7E4E30F5F09} = {72DEE96C-4B53-450A-8D22-DC51A2102F32}
		{690EA25D-E1DD-4B84-9AD0-56197A0ED4A7} = {72DEE96C-4B53-450A-8D22-DC51A2102F32}
		{626FFA5E-72BD-4D91-AB43-ED3E3A2413B3} = {6FD47983-96C6-453A-BD13-8AB263B50901}
		{B7D288BE-19C1-4097-BF71-F566997241A1} = {6FD47983-96C6-453A-BD13-8AB263B50901}
		{40172989-99CB-48C9-83A4-5E8689D47858} = {654FC88A-863F-4FF9-9764-7DF4C11E8A82}
		{4CF9D852-FB48-4157-81DC-CCEF59C1A3FA} = {654FC88A-863F-4FF9-9764-7DF4C11E8A82}
		{D9E67F17-2385-423A-B272-0F79D74D4621} = {654FC88A-863F-4FF9-9764-7DF4C11E8A82}
		{7081B4D2-043D-4553-AACD-3D5186CEBB59} = {654FC88A-863F-4FF9-9764-7DF4C11E8A82}
		{53567CDF-5A7F-4CF9-806F-665828B2AA6B} = {654FC88A-863F-4FF9-9764-7DF4C11E8A82}
		{97630827-6094-41F7-999D-2CB5CF2E561D} = {654FC88A-863F-4FF9-9764-7DF4C11E8A82}
		{9B7E4A85-4455-4FD3-96A7-547924511D73} = {654FC88A-863F-4FF9-9764-7DF4C11E8A82}
		{2190D1DB-122A-4D91-91D7-9515A9CCF15E} = {40172989-99CB-48C9-83A4-5E8689D47858}
		{F5FD4AAA-20B7-4161-A572-725C720F77C3} = {4CF9D852-FB48-4157-81DC-CCEF59C1A3FA}
		{193D74BE-9967-4012-92F1-DFCE119D7A9C} = {D9E67F17-2385-423A-B272-0F79D74D4621}
		{5CB766CB-8A6B-4917-8936-C0527B4819DA} = {7081B4D2-043D-4553-AACD-3D5186CEBB59}
		{3C4EE5E2-0811-4B17-9FA1-EEE0F3A81390} = {10BB5D97-006D-4F08-A15F-A59BEA587824}
		{5C479006-3603-47F5-AD92-B93B7986B93E} = {10BB5D97-006D-4F08-A15F-A59BEA587824}
		{A01D63DB-3817-4733-8B7F-0B65BA26CBAE} = {53567CDF-5A7F-4CF9-806F-665828B2AA6B}
		{8D1EF2FC-AFC4-40EA-BC1D-050CFCB2DCEB} = {97630827-6094-41F7-999D-2CB5CF2E561D}
		{8570FBD4-9900-442C-B3CA-04344B851D4F} = {9B7E4A85-4455-4FD3-96A7-547924511D73}
		{0A67908A-C177-425F-BE40-02D7BABE33F7} = {3407D634-FE1C-4C80-9395-DDDDDC0799B0}
		{CBEE95B2-EE85-4C9F-B62B-C9F14FE380AC} = {E00FDB2B-E744-4A84-9DE3-B76A678628DD}
		{17B54B5A-D79F-4638-9CF1-A0A3002B3244} = {CBEE95B2-EE85-4C9F-B62B-C9F14FE380AC}
		{A983715D-62BF-4AAC-8210-3B7A539A4A39} = {8F4E6A64-17DA-42F8-B303-9D170D4026B7}
		{4A84E8DC-BD06-443E-A241-D39E1D57A9A3} = {A983715D-62BF-4AAC-8210-3B7A539A4A39}
		{143C5678-C5F3-472D-A6DC-BE29ED242BDB} = {A983715D-62BF-4AAC-8210-3B7A539A4A39}
	EndGlobalSection
EndGlobal
