
Microsoft Visual Studio Solution File, Format Version 12.00
# Visual Studio 2012
Project("{2150E333-8FDC-42A3-9474-1A3956D46DE8}") = "MSMQ", "MSMQ", "{72DEE96C-4B53-450A-8D22-DC51A2102F32}"
EndProject
Project("{2150E333-8FDC-42A3-9474-1A3956D46DE8}") = "Socket", "Socket", "{6FD47983-96C6-453A-BD13-8AB263B50901}"
EndProject
Project("{FAE04EC0-301F-11D3-BF4B-00C04F79EFBC}") = "ReceiveQueue", "MessageQueue\ReceiveQueue\ReceiveQueue.csproj", "{24EE5221-9823-4ADE-ABDA-7CBE575BAF21}"
EndProject
Project("{FAE04EC0-301F-11D3-BF4B-00C04F79EFBC}") = "SendMessage", "MessageQueue\SendMessage\SendMessage.csproj", "{BF383DA2-B6F7-41F8-AE35-C7E4E30F5F09}"
EndProject
Project("{FAE04EC0-301F-11D3-BF4B-00C04F79EFBC}") = "SendMessageTransztion", "MessageQueue\SendMessageTransztion\SendMessageTransztion.csproj", "{690EA25D-E1DD-4B84-9AD0-56197A0ED4A7}"
EndProject
Project("{FAE04EC0-301F-11D3-BF4B-00C04F79EFBC}") = "SocketClient", "Socket\SocketClient\SocketClient.csproj", "{626FFA5E-72BD-4D91-AB43-ED3E3A2413B3}"
EndProject
Project("{FAE04EC0-301F-11D3-BF4B-00C04F79EFBC}") = "SocketServer", "Socket\SocketServer\SocketServer.csproj", "{B7D288BE-19C1-4097-BF71-F566997241A1}"
EndProject
Project("{2150E333-8FDC-42A3-9474-1A3956D46DE8}") = "MyProject", "MyProject", "{E00FDB2B-E744-4A84-9DE3-B76A678628DD}"
EndProject
Project("{2150E333-8FDC-42A3-9474-1A3956D46DE8}") = "Uhut", "Uhut", "{CBEE95B2-EE85-4C9F-B62B-C9F14FE380AC}"
EndProject
Project("{2150E333-8FDC-42A3-9474-1A3956D46DE8}") = "Redis", "Redis", "{D926FE8C-0659-406C-A9C8-CE42DF44469D}"
EndProject
Project("{FAE04EC0-301F-11D3-BF4B-00C04F79EFBC}") = "Redis", "Redis\Redis.csproj", "{6EF99004-E651-44C1-A731-37459B6CDB05}"
EndProject
Project("{2150E333-8FDC-42A3-9474-1A3956D46DE8}") = "Temp", "Temp", "{F4454E52-81E7-463A-B5EE-645390FF8F77}"
EndProject
Global
	GlobalSection(SolutionConfigurationPlatforms) = preSolution
		Debug|Any CPU = Debug|Any CPU
		Release|Any CPU = Release|Any CPU
	EndGlobalSection
	GlobalSection(ProjectConfigurationPlatforms) = postSolution
		{24EE5221-9823-4ADE-ABDA-7CBE575BAF21}.Debug|Any CPU.ActiveCfg = Debug|Any CPU
		{24EE5221-9823-4ADE-ABDA-7CBE575BAF21}.Debug|Any CPU.Build.0 = Debug|Any CPU
		{24EE5221-9823-4ADE-ABDA-7CBE575BAF21}.Release|Any CPU.ActiveCfg = Release|Any CPU
		{24EE5221-9823-4ADE-ABDA-7CBE575BAF21}.Release|Any CPU.Build.0 = Release|Any CPU
		{BF383DA2-B6F7-41F8-AE35-C7E4E30F5F09}.Debug|Any CPU.ActiveCfg = Debug|Any CPU
		{BF383DA2-B6F7-41F8-AE35-C7E4E30F5F09}.Debug|Any CPU.Build.0 = Debug|Any CPU
		{BF383DA2-B6F7-41F8-AE35-C7E4E30F5F09}.Release|Any CPU.ActiveCfg = Release|Any CPU
		{BF383DA2-B6F7-41F8-AE35-C7E4E30F5F09}.Release|Any CPU.Build.0 = Release|Any CPU
		{690EA25D-E1DD-4B84-9AD0-56197A0ED4A7}.Debug|Any CPU.ActiveCfg = Debug|Any CPU
		{690EA25D-E1DD-4B84-9AD0-56197A0ED4A7}.Debug|Any CPU.Build.0 = Debug|Any CPU
		{690EA25D-E1DD-4B84-9AD0-56197A0ED4A7}.Release|Any CPU.ActiveCfg = Release|Any CPU
		{690EA25D-E1DD-4B84-9AD0-56197A0ED4A7}.Release|Any CPU.Build.0 = Release|Any CPU
		{626FFA5E-72BD-4D91-AB43-ED3E3A2413B3}.Debug|Any CPU.ActiveCfg = Debug|Any CPU
		{626FFA5E-72BD-4D91-AB43-ED3E3A2413B3}.Debug|Any CPU.Build.0 = Debug|Any CPU
		{626FFA5E-72BD-4D91-AB43-ED3E3A2413B3}.Release|Any CPU.ActiveCfg = Release|Any CPU
		{626FFA5E-72BD-4D91-AB43-ED3E3A2413B3}.Release|Any CPU.Build.0 = Release|Any CPU
		{B7D288BE-19C1-4097-BF71-F566997241A1}.Debug|Any CPU.ActiveCfg = Debug|Any CPU
		{B7D288BE-19C1-4097-BF71-F566997241A1}.Debug|Any CPU.Build.0 = Debug|Any CPU
		{B7D288BE-19C1-4097-BF71-F566997241A1}.Release|Any CPU.ActiveCfg = Release|Any CPU
		{B7D288BE-19C1-4097-BF71-F566997241A1}.Release|Any CPU.Build.0 = Release|Any CPU
		{6EF99004-E651-44C1-A731-37459B6CDB05}.Debug|Any CPU.ActiveCfg = Debug|Any CPU
		{6EF99004-E651-44C1-A731-37459B6CDB05}.Debug|Any CPU.Build.0 = Debug|Any CPU
		{6EF99004-E651-44C1-A731-37459B6CDB05}.Release|Any CPU.ActiveCfg = Release|Any CPU
		{6EF99004-E651-44C1-A731-37459B6CDB05}.Release|Any CPU.Build.0 = Release|Any CPU
	EndGlobalSection
	GlobalSection(SolutionProperties) = preSolution
		HideSolutionNode = FALSE
	EndGlobalSection
	GlobalSection(NestedProjects) = preSolution
		{24EE5221-9823-4ADE-ABDA-7CBE575BAF21} = {72DEE96C-4B53-450A-8D22-DC51A2102F32}
		{BF383DA2-B6F7-41F8-AE35-C7E4E30F5F09} = {72DEE96C-4B53-450A-8D22-DC51A2102F32}
		{690EA25D-E1DD-4B84-9AD0-56197A0ED4A7} = {72DEE96C-4B53-450A-8D22-DC51A2102F32}
		{626FFA5E-72BD-4D91-AB43-ED3E3A2413B3} = {6FD47983-96C6-453A-BD13-8AB263B50901}
		{B7D288BE-19C1-4097-BF71-F566997241A1} = {6FD47983-96C6-453A-BD13-8AB263B50901}
		{CBEE95B2-EE85-4C9F-B62B-C9F14FE380AC} = {E00FDB2B-E744-4A84-9DE3-B76A678628DD}
		{F4454E52-81E7-463A-B5EE-645390FF8F77} = {E00FDB2B-E744-4A84-9DE3-B76A678628DD}
		{6EF99004-E651-44C1-A731-37459B6CDB05} = {D926FE8C-0659-406C-A9C8-CE42DF44469D}
	EndGlobalSection
EndGlobal
